
Microsoft Visual Studio Solution File, Format Version 12.00
# Visual Studio Version 18
VisualStudioVersion = 18.3.11505.172
MinimumVisualStudioVersion = 10.0.40219.1
Project("{FAE04EC0-301F-11D3-BF4B-00C04F79EFBC}") = "BTCPayServer.Plugins.Payjoin", "BTCPayServer.Plugins.Payjoin\BTCPayServer.Plugins.Payjoin.csproj", "{F8BF1FC8-B7F7-7070-D198-0B98E923D890}"
EndProject
Project("{FAE04EC0-301F-11D3-BF4B-00C04F79EFBC}") = "BTCPayServer.Plugins.Payjoin.Tests", "BTCPayServer.Plugins.Payjoin.Tests\BTCPayServer.Plugins.Payjoin.Tests.csproj", "{45F67383-1C88-415D-BA61-471A2AC09C1C}"
EndProject
Project("{FAE04EC0-301F-11D3-BF4B-00C04F79EFBC}") = "BTCPayServer.Plugins.Payjoin.IntegrationTests", "BTCPayServer.Plugins.Payjoin.IntegrationTests\BTCPayServer.Plugins.Payjoin.IntegrationTests.csproj", "{04687C1C-3DBB-4D90-BF77-D062FE78D7CD}"
EndProject
Global
	GlobalSection(SolutionConfigurationPlatforms) = preSolution
		Debug|Any CPU = Debug|Any CPU
		Debug|x64 = Debug|x64
		Debug|x86 = Debug|x86
		Release|Any CPU = Release|Any CPU
		Release|x64 = Release|x64
		Release|x86 = Release|x86
	EndGlobalSection
	GlobalSection(ProjectConfigurationPlatforms) = postSolution
		{F8BF1FC8-B7F7-7070-D198-0B98E923D890}.Debug|Any CPU.ActiveCfg = Debug|Any CPU
		{F8BF1FC8-B7F7-7070-D198-0B98E923D890}.Debug|Any CPU.Build.0 = Debug|Any CPU
		{F8BF1FC8-B7F7-7070-D198-0B98E923D890}.Debug|x64.ActiveCfg = Debug|Any CPU
		{F8BF1FC8-B7F7-7070-D198-0B98E923D890}.Debug|x64.Build.0 = Debug|Any CPU
		{F8BF1FC8-B7F7-7070-D198-0B98E923D890}.Debug|x86.ActiveCfg = Debug|Any CPU
		{F8BF1FC8-B7F7-7070-D198-0B98E923D890}.Debug|x86.Build.0 = Debug|Any CPU
		{F8BF1FC8-B7F7-7070-D198-0B98E923D890}.Release|Any CPU.ActiveCfg = Release|Any CPU
		{F8BF1FC8-B7F7-7070-D198-0B98E923D890}.Release|Any CPU.Build.0 = Release|Any CPU
		{F8BF1FC8-B7F7-7070-D198-0B98E923D890}.Release|x64.ActiveCfg = Release|Any CPU
		{F8BF1FC8-B7F7-7070-D198-0B98E923D890}.Release|x64.Build.0 = Release|Any CPU
		{F8BF1FC8-B7F7-7070-D198-0B98E923D890}.Release|x86.ActiveCfg = Release|Any CPU
		{F8BF1FC8-B7F7-7070-D198-0B98E923D890}.Release|x86.Build.0 = Release|Any CPU
		{45F67383-1C88-415D-BA61-471A2AC09C1C}.Debug|Any CPU.ActiveCfg = Debug|Any CPU
		{45F67383-1C88-415D-BA61-471A2AC09C1C}.Debug|Any CPU.Build.0 = Debug|Any CPU
		{45F67383-1C88-415D-BA61-471A2AC09C1C}.Debug|x64.ActiveCfg = Debug|Any CPU
		{45F67383-1C88-415D-BA61-471A2AC09C1C}.Debug|x64.Build.0 = Debug|Any CPU
		{45F67383-1C88-415D-BA61-471A2AC09C1C}.Debug|x86.ActiveCfg = Debug|Any CPU
		{45F67383-1C88-415D-BA61-471A2AC09C1C}.Debug|x86.Build.0 = Debug|Any CPU
		{45F67383-1C88-415D-BA61-471A2AC09C1C}.Release|Any CPU.ActiveCfg = Release|Any CPU
		{45F67383-1C88-415D-BA61-471A2AC09C1C}.Release|Any CPU.Build.0 = Release|Any CPU
		{45F67383-1C88-415D-BA61-471A2AC09C1C}.Release|x64.ActiveCfg = Release|Any CPU
		{45F67383-1C88-415D-BA61-471A2AC09C1C}.Release|x64.Build.0 = Release|Any CPU
		{45F67383-1C88-415D-BA61-471A2AC09C1C}.Release|x86.ActiveCfg = Release|Any CPU
		{45F67383-1C88-415D-BA61-471A2AC09C1C}.Release|x86.Build.0 = Release|Any CPU
		{04687C1C-3DBB-4D90-BF77-D062FE78D7CD}.Debug|Any CPU.ActiveCfg = Debug|Any CPU
		{04687C1C-3DBB-4D90-BF77-D062FE78D7CD}.Debug|Any CPU.Build.0 = Debug|Any CPU
		{04687C1C-3DBB-4D90-BF77-D062FE78D7CD}.Debug|x64.ActiveCfg = Debug|Any CPU
		{04687C1C-3DBB-4D90-BF77-D062FE78D7CD}.Debug|x64.Build.0 = Debug|Any CPU
		{04687C1C-3DBB-4D90-BF77-D062FE78D7CD}.Debug|x86.ActiveCfg = Debug|Any CPU
		{04687C1C-3DBB-4D90-BF77-D062FE78D7CD}.Debug|x86.Build.0 = Debug|Any CPU
		{04687C1C-3DBB-4D90-BF77-D062FE78D7CD}.Release|Any CPU.ActiveCfg = Release|Any CPU
		{04687C1C-3DBB-4D90-BF77-D062FE78D7CD}.Release|Any CPU.Build.0 = Release|Any CPU
		{04687C1C-3DBB-4D90-BF77-D062FE78D7CD}.Release|x64.ActiveCfg = Release|Any CPU
		{04687C1C-3DBB-4D90-BF77-D062FE78D7CD}.Release|x64.Build.0 = Release|Any CPU
		{04687C1C-3DBB-4D90-BF77-D062FE78D7CD}.Release|x86.ActiveCfg = Release|Any CPU
		{04687C1C-3DBB-4D90-BF77-D062FE78D7CD}.Release|x86.Build.0 = Release|Any CPU
	EndGlobalSection
	GlobalSection(SolutionProperties) = preSolution
		HideSolutionNode = FALSE
	EndGlobalSection
	GlobalSection(ExtensibilityGlobals) = postSolution
		SolutionGuid = {C00172AA-7D4E-491E-9BB4-1F665D450955}
	EndGlobalSection
EndGlobal
