
Microsoft Visual Studio Solution File, Format Version 12.00
# Visual Studio Version 18
VisualStudioVersion = 18.3.11505.172
MinimumVisualStudioVersion = 10.0.40219.1
Project("{FAE04EC0-301F-11D3-BF4B-00C04F79EFBC}") = "BTCPayServer.Plugins.Payjoin", "BTCPayServer.Plugins.Payjoin\BTCPayServer.Plugins.Payjoin.csproj", "{F8BF1FC8-B7F7-7070-D198-0B98E923D890}"
EndProject
Project("{FAE04EC0-301F-11D3-BF4B-00C04F79EFBC}") = "BTCPayServer.Plugins.Payjoin.Tests", "BTCPayServer.Plugins.Payjoin.Tests\BTCPayServer.Plugins.Payjoin.Tests.csproj", "{45F67383-1C88-415D-BA61-471A2AC09C1C}"
EndProject
Project("{FAE04EC0-301F-11D3-BF4B-00C04F79EFBC}") = "BTCPayServer.Plugins.Payjoin.IntegrationTests", "BTCPayServer.Plugins.Payjoin.IntegrationTests\BTCPayServer.Plugins.Payjoin.IntegrationTests.csproj", "{04687C1C-3DBB-4D90-BF77-D062FE78D7CD}"
EndProject
Project("{FAE04EC0-301F-11D3-BF4B-00C04F79EFBC}") = "BTCPayServer.Plugins.Payjoin.Migrations", "BTCPayServer.Plugins.Payjoin.Migrations\BTCPayServer.Plugins.Payjoin.Migrations.csproj", "{15E6866F-04CE-4009-AF4D-CAFDB6F07759}"
EndProject
Project("{2150E333-8FDC-42A3-9474-1A3956D46DE8}") = "btcpayserver", "btcpayserver", "{11BD1C76-BEC5-C046-558A-4962946BFB3F}"
EndProject
Project("{FAE04EC0-301F-11D3-BF4B-00C04F79EFBC}") = "BTCPayServer", "btcpayserver\BTCPayServer\BTCPayServer.csproj", "{0BFA200B-258C-4C88-9DA1-A116E0244EB4}"
EndProject
Project("{FAE04EC0-301F-11D3-BF4B-00C04F79EFBC}") = "BTCPayServer.Abstractions", "btcpayserver\BTCPayServer.Abstractions\BTCPayServer.Abstractions.csproj", "{D452317C-4A9C-45D3-8FBC-49E3B868F162}"
EndProject
Project("{FAE04EC0-301F-11D3-BF4B-00C04F79EFBC}") = "BTCPayServer.Client", "btcpayserver\BTCPayServer.Client\BTCPayServer.Client.csproj", "{A5C5F266-8DF4-4C3B-B181-1F1C5D86FFD5}"
EndProject
Project("{FAE04EC0-301F-11D3-BF4B-00C04F79EFBC}") = "BTCPayServer.Data", "btcpayserver\BTCPayServer.Data\BTCPayServer.Data.csproj", "{18404B62-0C5A-4744-B02A-1C813809687F}"
EndProject
Project("{FAE04EC0-301F-11D3-BF4B-00C04F79EFBC}") = "BTCPayServer.Rating", "btcpayserver\BTCPayServer.Rating\BTCPayServer.Rating.csproj", "{9FF1BC3A-E22E-4ECD-8FDC-E3E10A0A5CE1}"
EndProject
Project("{FAE04EC0-301F-11D3-BF4B-00C04F79EFBC}") = "BTCPayServer.Common", "btcpayserver\BTCPayServer.Common\BTCPayServer.Common.csproj", "{71456AB8-51C9-4D6E-93BD-7FEA260B9D0B}"
EndProject
Global
	GlobalSection(SolutionConfigurationPlatforms) = preSolution
		Debug|Any CPU = Debug|Any CPU
		Debug|x64 = Debug|x64
		Debug|x86 = Debug|x86
		Release|Any CPU = Release|Any CPU
		Release|x64 = Release|x64
		Release|x86 = Release|x86
	EndGlobalSection
	GlobalSection(ProjectConfigurationPlatforms) = postSolution
		{F8BF1FC8-B7F7-7070-D198-0B98E923D890}.Debug|Any CPU.ActiveCfg = Debug|Any CPU
		{F8BF1FC8-B7F7-7070-D198-0B98E923D890}.Debug|Any CPU.Build.0 = Debug|Any CPU
		{F8BF1FC8-B7F7-7070-D198-0B98E923D890}.Debug|x64.ActiveCfg = Debug|Any CPU
		{F8BF1FC8-B7F7-7070-D198-0B98E923D890}.Debug|x64.Build.0 = Debug|Any CPU
		{F8BF1FC8-B7F7-7070-D198-0B98E923D890}.Debug|x86.ActiveCfg = Debug|Any CPU
		{F8BF1FC8-B7F7-7070-D198-0B98E923D890}.Debug|x86.Build.0 = Debug|Any CPU
		{F8BF1FC8-B7F7-7070-D198-0B98E923D890}.Release|Any CPU.ActiveCfg = Release|Any CPU
		{F8BF1FC8-B7F7-7070-D198-0B98E923D890}.Release|Any CPU.Build.0 = Release|Any CPU
		{F8BF1FC8-B7F7-7070-D198-0B98E923D890}.Release|x64.ActiveCfg = Release|Any CPU
		{F8BF1FC8-B7F7-7070-D198-0B98E923D890}.Release|x64.Build.0 = Release|Any CPU
		{F8BF1FC8-B7F7-7070-D198-0B98E923D890}.Release|x86.ActiveCfg = Release|Any CPU
		{F8BF1FC8-B7F7-7070-D198-0B98E923D890}.Release|x86.Build.0 = Release|Any CPU
		{45F67383-1C88-415D-BA61-471A2AC09C1C}.Debug|Any CPU.ActiveCfg = Debug|Any CPU
		{45F67383-1C88-415D-BA61-471A2AC09C1C}.Debug|Any CPU.Build.0 = Debug|Any CPU
		{45F67383-1C88-415D-BA61-471A2AC09C1C}.Debug|x64.ActiveCfg = Debug|Any CPU
		{45F67383-1C88-415D-BA61-471A2AC09C1C}.Debug|x64.Build.0 = Debug|Any CPU
		{45F67383-1C88-415D-BA61-471A2AC09C1C}.Debug|x86.ActiveCfg = Debug|Any CPU
		{45F67383-1C88-415D-BA61-471A2AC09C1C}.Debug|x86.Build.0 = Debug|Any CPU
		{45F67383-1C88-415D-BA61-471A2AC09C1C}.Release|Any CPU.ActiveCfg = Release|Any CPU
		{45F67383-1C88-415D-BA61-471A2AC09C1C}.Release|Any CPU.Build.0 = Release|Any CPU
		{45F67383-1C88-415D-BA61-471A2AC09C1C}.Release|x64.ActiveCfg = Release|Any CPU
		{45F67383-1C88-415D-BA61-471A2AC09C1C}.Release|x64.Build.0 = Release|Any CPU
		{45F67383-1C88-415D-BA61-471A2AC09C1C}.Release|x86.ActiveCfg = Release|Any CPU
		{45F67383-1C88-415D-BA61-471A2AC09C1C}.Release|x86.Build.0 = Release|Any CPU
		{04687C1C-3DBB-4D90-BF77-D062FE78D7CD}.Debug|Any CPU.ActiveCfg = Debug|Any CPU
		{04687C1C-3DBB-4D90-BF77-D062FE78D7CD}.Debug|Any CPU.Build.0 = Debug|Any CPU
		{04687C1C-3DBB-4D90-BF77-D062FE78D7CD}.Debug|x64.ActiveCfg = Debug|Any CPU
		{04687C1C-3DBB-4D90-BF77-D062FE78D7CD}.Debug|x64.Build.0 = Debug|Any CPU
		{04687C1C-3DBB-4D90-BF77-D062FE78D7CD}.Debug|x86.ActiveCfg = Debug|Any CPU
		{04687C1C-3DBB-4D90-BF77-D062FE78D7CD}.Debug|x86.Build.0 = Debug|Any CPU
		{04687C1C-3DBB-4D90-BF77-D062FE78D7CD}.Release|Any CPU.ActiveCfg = Release|Any CPU
		{04687C1C-3DBB-4D90-BF77-D062FE78D7CD}.Release|Any CPU.Build.0 = Release|Any CPU
		{04687C1C-3DBB-4D90-BF77-D062FE78D7CD}.Release|x64.ActiveCfg = Release|Any CPU
		{04687C1C-3DBB-4D90-BF77-D062FE78D7CD}.Release|x64.Build.0 = Release|Any CPU
		{04687C1C-3DBB-4D90-BF77-D062FE78D7CD}.Release|x86.ActiveCfg = Release|Any CPU
		{04687C1C-3DBB-4D90-BF77-D062FE78D7CD}.Release|x86.Build.0 = Release|Any CPU
		{15E6866F-04CE-4009-AF4D-CAFDB6F07759}.Debug|Any CPU.ActiveCfg = Debug|Any CPU
		{15E6866F-04CE-4009-AF4D-CAFDB6F07759}.Debug|Any CPU.Build.0 = Debug|Any CPU
		{15E6866F-04CE-4009-AF4D-CAFDB6F07759}.Debug|x64.ActiveCfg = Debug|Any CPU
		{15E6866F-04CE-4009-AF4D-CAFDB6F07759}.Debug|x64.Build.0 = Debug|Any CPU
		{15E6866F-04CE-4009-AF4D-CAFDB6F07759}.Debug|x86.ActiveCfg = Debug|Any CPU
		{15E6866F-04CE-4009-AF4D-CAFDB6F07759}.Debug|x86.Build.0 = Debug|Any CPU
		{15E6866F-04CE-4009-AF4D-CAFDB6F07759}.Release|Any CPU.ActiveCfg = Release|Any CPU
		{15E6866F-04CE-4009-AF4D-CAFDB6F07759}.Release|Any CPU.Build.0 = Release|Any CPU
		{15E6866F-04CE-4009-AF4D-CAFDB6F07759}.Release|x64.ActiveCfg = Release|Any CPU
		{15E6866F-04CE-4009-AF4D-CAFDB6F07759}.Release|x64.Build.0 = Release|Any CPU
		{15E6866F-04CE-4009-AF4D-CAFDB6F07759}.Release|x86.ActiveCfg = Release|Any CPU
		{15E6866F-04CE-4009-AF4D-CAFDB6F07759}.Release|x86.Build.0 = Release|Any CPU
		{0BFA200B-258C-4C88-9DA1-A116E0244EB4}.Debug|Any CPU.ActiveCfg = Debug|Any CPU
		{0BFA200B-258C-4C88-9DA1-A116E0244EB4}.Debug|Any CPU.Build.0 = Debug|Any CPU
		{0BFA200B-258C-4C88-9DA1-A116E0244EB4}.Debug|x64.ActiveCfg = Debug|Any CPU
		{0BFA200B-258C-4C88-9DA1-A116E0244EB4}.Debug|x64.Build.0 = Debug|Any CPU
		{0BFA200B-258C-4C88-9DA1-A116E0244EB4}.Debug|x86.ActiveCfg = Debug|Any CPU
		{0BFA200B-258C-4C88-9DA1-A116E0244EB4}.Debug|x86.Build.0 = Debug|Any CPU
		{0BFA200B-258C-4C88-9DA1-A116E0244EB4}.Release|Any CPU.ActiveCfg = Release|Any CPU
		{0BFA200B-258C-4C88-9DA1-A116E0244EB4}.Release|Any CPU.Build.0 = Release|Any CPU
		{0BFA200B-258C-4C88-9DA1-A116E0244EB4}.Release|x64.ActiveCfg = Release|Any CPU
		{0BFA200B-258C-4C88-9DA1-A116E0244EB4}.Release|x64.Build.0 = Release|Any CPU
		{0BFA200B-258C-4C88-9DA1-A116E0244EB4}.Release|x86.ActiveCfg = Release|Any CPU
		{0BFA200B-258C-4C88-9DA1-A116E0244EB4}.Release|x86.Build.0 = Release|Any CPU
		{D452317C-4A9C-45D3-8FBC-49E3B868F162}.Debug|Any CPU.ActiveCfg = Debug|Any CPU
		{D452317C-4A9C-45D3-8FBC-49E3B868F162}.Debug|Any CPU.Build.0 = Debug|Any CPU
		{D452317C-4A9C-45D3-8FBC-49E3B868F162}.Debug|x64.ActiveCfg = Debug|Any CPU
		{D452317C-4A9C-45D3-8FBC-49E3B868F162}.Debug|x64.Build.0 = Debug|Any CPU
		{D452317C-4A9C-45D3-8FBC-49E3B868F162}.Debug|x86.ActiveCfg = Debug|Any CPU
		{D452317C-4A9C-45D3-8FBC-49E3B868F162}.Debug|x86.Build.0 = Debug|Any CPU
		{D452317C-4A9C-45D3-8FBC-49E3B868F162}.Release|Any CPU.ActiveCfg = Release|Any CPU
		{D452317C-4A9C-45D3-8FBC-49E3B868F162}.Release|Any CPU.Build.0 = Release|Any CPU
		{D452317C-4A9C-45D3-8FBC-49E3B868F162}.Release|x64.ActiveCfg = Release|Any CPU
		{D452317C-4A9C-45D3-8FBC-49E3B868F162}.Release|x64.Build.0 = Release|Any CPU
		{D452317C-4A9C-45D3-8FBC-49E3B868F162}.Release|x86.ActiveCfg = Release|Any CPU
		{D452317C-4A9C-45D3-8FBC-49E3B868F162}.Release|x86.Build.0 = Release|Any CPU
		{A5C5F266-8DF4-4C3B-B181-1F1C5D86FFD5}.Debug|Any CPU.ActiveCfg = Debug|Any CPU
		{A5C5F266-8DF4-4C3B-B181-1F1C5D86FFD5}.Debug|Any CPU.Build.0 = Debug|Any CPU
		{A5C5F266-8DF4-4C3B-B181-1F1C5D86FFD5}.Debug|x64.ActiveCfg = Debug|Any CPU
		{A5C5F266-8DF4-4C3B-B181-1F1C5D86FFD5}.Debug|x64.Build.0 = Debug|Any CPU
		{A5C5F266-8DF4-4C3B-B181-1F1C5D86FFD5}.Debug|x86.ActiveCfg = Debug|Any CPU
		{A5C5F266-8DF4-4C3B-B181-1F1C5D86FFD5}.Debug|x86.Build.0 = Debug|Any CPU
		{A5C5F266-8DF4-4C3B-B181-1F1C5D86FFD5}.Release|Any CPU.ActiveCfg = Release|Any CPU
		{A5C5F266-8DF4-4C3B-B181-1F1C5D86FFD5}.Release|Any CPU.Build.0 = Release|Any CPU
		{A5C5F266-8DF4-4C3B-B181-1F1C5D86FFD5}.Release|x64.ActiveCfg = Release|Any CPU
		{A5C5F266-8DF4-4C3B-B181-1F1C5D86FFD5}.Release|x64.Build.0 = Release|Any CPU
		{A5C5F266-8DF4-4C3B-B181-1F1C5D86FFD5}.Release|x86.ActiveCfg = Release|Any CPU
		{A5C5F266-8DF4-4C3B-B181-1F1C5D86FFD5}.Release|x86.Build.0 = Release|Any CPU
		{18404B62-0C5A-4744-B02A-1C813809687F}.Debug|Any CPU.ActiveCfg = Debug|Any CPU
		{18404B62-0C5A-4744-B02A-1C813809687F}.Debug|Any CPU.Build.0 = Debug|Any CPU
		{18404B62-0C5A-4744-B02A-1C813809687F}.Debug|x64.ActiveCfg = Debug|Any CPU
		{18404B62-0C5A-4744-B02A-1C813809687F}.Debug|x64.Build.0 = Debug|Any CPU
		{18404B62-0C5A-4744-B02A-1C813809687F}.Debug|x86.ActiveCfg = Debug|Any CPU
		{18404B62-0C5A-4744-B02A-1C813809687F}.Debug|x86.Build.0 = Debug|Any CPU
		{18404B62-0C5A-4744-B02A-1C813809687F}.Release|Any CPU.ActiveCfg = Release|Any CPU
		{18404B62-0C5A-4744-B02A-1C813809687F}.Release|Any CPU.Build.0 = Release|Any CPU
		{18404B62-0C5A-4744-B02A-1C813809687F}.Release|x64.ActiveCfg = Release|Any CPU
		{18404B62-0C5A-4744-B02A-1C813809687F}.Release|x64.Build.0 = Release|Any CPU
		{18404B62-0C5A-4744-B02A-1C813809687F}.Release|x86.ActiveCfg = Release|Any CPU
		{18404B62-0C5A-4744-B02A-1C813809687F}.Release|x86.Build.0 = Release|Any CPU
		{9FF1BC3A-E22E-4ECD-8FDC-E3E10A0A5CE1}.Debug|Any CPU.ActiveCfg = Debug|Any CPU
		{9FF1BC3A-E22E-4ECD-8FDC-E3E10A0A5CE1}.Debug|Any CPU.Build.0 = Debug|Any CPU
		{9FF1BC3A-E22E-4ECD-8FDC-E3E10A0A5CE1}.Debug|x64.ActiveCfg = Debug|Any CPU
		{9FF1BC3A-E22E-4ECD-8FDC-E3E10A0A5CE1}.Debug|x64.Build.0 = Debug|Any CPU
		{9FF1BC3A-E22E-4ECD-8FDC-E3E10A0A5CE1}.Debug|x86.ActiveCfg = Debug|Any CPU
		{9FF1BC3A-E22E-4ECD-8FDC-E3E10A0A5CE1}.Debug|x86.Build.0 = Debug|Any CPU
		{9FF1BC3A-E22E-4ECD-8FDC-E3E10A0A5CE1}.Release|Any CPU.ActiveCfg = Release|Any CPU
		{9FF1BC3A-E22E-4ECD-8FDC-E3E10A0A5CE1}.Release|Any CPU.Build.0 = Release|Any CPU
		{9FF1BC3A-E22E-4ECD-8FDC-E3E10A0A5CE1}.Release|x64.ActiveCfg = Release|Any CPU
		{9FF1BC3A-E22E-4ECD-8FDC-E3E10A0A5CE1}.Release|x64.Build.0 = Release|Any CPU
		{9FF1BC3A-E22E-4ECD-8FDC-E3E10A0A5CE1}.Release|x86.ActiveCfg = Release|Any CPU
		{9FF1BC3A-E22E-4ECD-8FDC-E3E10A0A5CE1}.Release|x86.Build.0 = Release|Any CPU
		{71456AB8-51C9-4D6E-93BD-7FEA260B9D0B}.Debug|Any CPU.ActiveCfg = Debug|Any CPU
		{71456AB8-51C9-4D6E-93BD-7FEA260B9D0B}.Debug|Any CPU.Build.0 = Debug|Any CPU
		{71456AB8-51C9-4D6E-93BD-7FEA260B9D0B}.Debug|x64.ActiveCfg = Debug|Any CPU
		{71456AB8-51C9-4D6E-93BD-7FEA260B9D0B}.Debug|x64.Build.0 = Debug|Any CPU
		{71456AB8-51C9-4D6E-93BD-7FEA260B9D0B}.Debug|x86.ActiveCfg = Debug|Any CPU
		{71456AB8-51C9-4D6E-93BD-7FEA260B9D0B}.Debug|x86.Build.0 = Debug|Any CPU
		{71456AB8-51C9-4D6E-93BD-7FEA260B9D0B}.Release|Any CPU.ActiveCfg = Release|Any CPU
		{71456AB8-51C9-4D6E-93BD-7FEA260B9D0B}.Release|Any CPU.Build.0 = Release|Any CPU
		{71456AB8-51C9-4D6E-93BD-7FEA260B9D0B}.Release|x64.ActiveCfg = Release|Any CPU
		{71456AB8-51C9-4D6E-93BD-7FEA260B9D0B}.Release|x64.Build.0 = Release|Any CPU
		{71456AB8-51C9-4D6E-93BD-7FEA260B9D0B}.Release|x86.ActiveCfg = Release|Any CPU
		{71456AB8-51C9-4D6E-93BD-7FEA260B9D0B}.Release|x86.Build.0 = Release|Any CPU
	EndGlobalSection
	GlobalSection(SolutionProperties) = preSolution
		HideSolutionNode = FALSE
	EndGlobalSection
	GlobalSection(NestedProjects) = preSolution
		{0BFA200B-258C-4C88-9DA1-A116E0244EB4} = {11BD1C76-BEC5-C046-558A-4962946BFB3F}
		{D452317C-4A9C-45D3-8FBC-49E3B868F162} = {11BD1C76-BEC5-C046-558A-4962946BFB3F}
		{A5C5F266-8DF4-4C3B-B181-1F1C5D86FFD5} = {11BD1C76-BEC5-C046-558A-4962946BFB3F}
		{18404B62-0C5A-4744-B02A-1C813809687F} = {11BD1C76-BEC5-C046-558A-4962946BFB3F}
		{9FF1BC3A-E22E-4ECD-8FDC-E3E10A0A5CE1} = {11BD1C76-BEC5-C046-558A-4962946BFB3F}
		{71456AB8-51C9-4D6E-93BD-7FEA260B9D0B} = {11BD1C76-BEC5-C046-558A-4962946BFB3F}
	EndGlobalSection
	GlobalSection(ExtensibilityGlobals) = postSolution
		SolutionGuid = {C00172AA-7D4E-491E-9BB4-1F665D450955}
	EndGlobalSection
EndGlobal
