
Microsoft Visual Studio Solution File, Format Version 12.00
# Visual Studio Version 18
VisualStudioVersion = 18.3.11505.172
MinimumVisualStudioVersion = 10.0.40219.1
Project("{FAE04EC0-301F-11D3-BF4B-00C04F79EFBC}") = "BTCPayServer.Plugins.Payjoin", "BTCPayServer.Plugins.Payjoin\BTCPayServer.Plugins.Payjoin.csproj", "{F8BF1FC8-B7F7-7070-D198-0B98E923D890}"
EndProject
Project("{FAE04EC0-301F-11D3-BF4B-00C04F79EFBC}") = "BTCPayServer.Plugins.Payjoin.Tests", "BTCPayServer.Plugins.Payjoin.Tests\BTCPayServer.Plugins.Payjoin.Tests.csproj", "{45F67383-1C88-415D-BA61-471A2AC09C1C}"
EndProject
Project("{FAE04EC0-301F-11D3-BF4B-00C04F79EFBC}") = "BTCPayServer.Plugins.Payjoin.IntegrationTests", "BTCPayServer.Plugins.Payjoin.IntegrationTests\BTCPayServer.Plugins.Payjoin.IntegrationTests.csproj", "{04687C1C-3DBB-4D90-BF77-D062FE78D7CD}"
EndProject
Project("{2150E333-8FDC-42A3-9474-1A3956D46DE8}") = "btcpayserver", "btcpayserver", "{11BD1C76-BEC5-C046-558A-4962946BFB3F}"
EndProject
Project("{FAE04EC0-301F-11D3-BF4B-00C04F79EFBC}") = "BTCPayServer.Tests", "btcpayserver\BTCPayServer.Tests\BTCPayServer.Tests.csproj", "{15E8FDAB-906B-4268-927B-8823C57AB7FD}"
EndProject
Project("{FAE04EC0-301F-11D3-BF4B-00C04F79EFBC}") = "BTCPayServer.Rating", "btcpayserver\BTCPayServer.Rating\BTCPayServer.Rating.csproj", "{906CEC6D-B0C4-4D0A-9DCA-06E2B3C61623}"
EndProject
Project("{FAE04EC0-301F-11D3-BF4B-00C04F79EFBC}") = "BTCPayServer", "btcpayserver\BTCPayServer\BTCPayServer.csproj", "{1EEE2BD4-7903-48E2-A189-605A2B08955C}"
EndProject
Project("{FAE04EC0-301F-11D3-BF4B-00C04F79EFBC}") = "BTCPayServer.Abstractions", "btcpayserver\BTCPayServer.Abstractions\BTCPayServer.Abstractions.csproj", "{6FC88020-70E1-46B8-9BCD-980F7841E41E}"
EndProject
Project("{FAE04EC0-301F-11D3-BF4B-00C04F79EFBC}") = "BTCPayServer.Client", "btcpayserver\BTCPayServer.Client\BTCPayServer.Client.csproj", "{0D5948B5-E327-494E-A381-B51191D70FCB}"
EndProject
Project("{FAE04EC0-301F-11D3-BF4B-00C04F79EFBC}") = "BTCPayServer.Data", "btcpayserver\BTCPayServer.Data\BTCPayServer.Data.csproj", "{DF6E2B11-510E-4A48-9C0E-5EDA972AA3AF}"
EndProject
Project("{FAE04EC0-301F-11D3-BF4B-00C04F79EFBC}") = "BTCPayServer.Common", "btcpayserver\BTCPayServer.Common\BTCPayServer.Common.csproj", "{B0C26994-67BA-40E4-947E-BF7BDCAF306D}"
EndProject
Global
	GlobalSection(SolutionConfigurationPlatforms) = preSolution
		Debug|Any CPU = Debug|Any CPU
		Debug|x64 = Debug|x64
		Debug|x86 = Debug|x86
		Release|Any CPU = Release|Any CPU
		Release|x64 = Release|x64
		Release|x86 = Release|x86
	EndGlobalSection
	GlobalSection(ProjectConfigurationPlatforms) = postSolution
		{F8BF1FC8-B7F7-7070-D198-0B98E923D890}.Debug|Any CPU.ActiveCfg = Debug|Any CPU
		{F8BF1FC8-B7F7-7070-D198-0B98E923D890}.Debug|Any CPU.Build.0 = Debug|Any CPU
		{F8BF1FC8-B7F7-7070-D198-0B98E923D890}.Debug|x64.ActiveCfg = Debug|Any CPU
		{F8BF1FC8-B7F7-7070-D198-0B98E923D890}.Debug|x64.Build.0 = Debug|Any CPU
		{F8BF1FC8-B7F7-7070-D198-0B98E923D890}.Debug|x86.ActiveCfg = Debug|Any CPU
		{F8BF1FC8-B7F7-7070-D198-0B98E923D890}.Debug|x86.Build.0 = Debug|Any CPU
		{F8BF1FC8-B7F7-7070-D198-0B98E923D890}.Release|Any CPU.ActiveCfg = Release|Any CPU
		{F8BF1FC8-B7F7-7070-D198-0B98E923D890}.Release|Any CPU.Build.0 = Release|Any CPU
		{F8BF1FC8-B7F7-7070-D198-0B98E923D890}.Release|x64.ActiveCfg = Release|Any CPU
		{F8BF1FC8-B7F7-7070-D198-0B98E923D890}.Release|x64.Build.0 = Release|Any CPU
		{F8BF1FC8-B7F7-7070-D198-0B98E923D890}.Release|x86.ActiveCfg = Release|Any CPU
		{F8BF1FC8-B7F7-7070-D198-0B98E923D890}.Release|x86.Build.0 = Release|Any CPU
		{45F67383-1C88-415D-BA61-471A2AC09C1C}.Debug|Any CPU.ActiveCfg = Debug|Any CPU
		{45F67383-1C88-415D-BA61-471A2AC09C1C}.Debug|Any CPU.Build.0 = Debug|Any CPU
		{45F67383-1C88-415D-BA61-471A2AC09C1C}.Debug|x64.ActiveCfg = Debug|Any CPU
		{45F67383-1C88-415D-BA61-471A2AC09C1C}.Debug|x64.Build.0 = Debug|Any CPU
		{45F67383-1C88-415D-BA61-471A2AC09C1C}.Debug|x86.ActiveCfg = Debug|Any CPU
		{45F67383-1C88-415D-BA61-471A2AC09C1C}.Debug|x86.Build.0 = Debug|Any CPU
		{45F67383-1C88-415D-BA61-471A2AC09C1C}.Release|Any CPU.ActiveCfg = Release|Any CPU
		{45F67383-1C88-415D-BA61-471A2AC09C1C}.Release|Any CPU.Build.0 = Release|Any CPU
		{45F67383-1C88-415D-BA61-471A2AC09C1C}.Release|x64.ActiveCfg = Release|Any CPU
		{45F67383-1C88-415D-BA61-471A2AC09C1C}.Release|x64.Build.0 = Release|Any CPU
		{45F67383-1C88-415D-BA61-471A2AC09C1C}.Release|x86.ActiveCfg = Release|Any CPU
		{45F67383-1C88-415D-BA61-471A2AC09C1C}.Release|x86.Build.0 = Release|Any CPU
		{04687C1C-3DBB-4D90-BF77-D062FE78D7CD}.Debug|Any CPU.ActiveCfg = Debug|Any CPU
		{04687C1C-3DBB-4D90-BF77-D062FE78D7CD}.Debug|Any CPU.Build.0 = Debug|Any CPU
		{04687C1C-3DBB-4D90-BF77-D062FE78D7CD}.Debug|x64.ActiveCfg = Debug|Any CPU
		{04687C1C-3DBB-4D90-BF77-D062FE78D7CD}.Debug|x64.Build.0 = Debug|Any CPU
		{04687C1C-3DBB-4D90-BF77-D062FE78D7CD}.Debug|x86.ActiveCfg = Debug|Any CPU
		{04687C1C-3DBB-4D90-BF77-D062FE78D7CD}.Debug|x86.Build.0 = Debug|Any CPU
		{04687C1C-3DBB-4D90-BF77-D062FE78D7CD}.Release|Any CPU.ActiveCfg = Release|Any CPU
		{04687C1C-3DBB-4D90-BF77-D062FE78D7CD}.Release|Any CPU.Build.0 = Release|Any CPU
		{04687C1C-3DBB-4D90-BF77-D062FE78D7CD}.Release|x64.ActiveCfg = Release|Any CPU
		{04687C1C-3DBB-4D90-BF77-D062FE78D7CD}.Release|x64.Build.0 = Release|Any CPU
		{04687C1C-3DBB-4D90-BF77-D062FE78D7CD}.Release|x86.ActiveCfg = Release|Any CPU
		{04687C1C-3DBB-4D90-BF77-D062FE78D7CD}.Release|x86.Build.0 = Release|Any CPU
		{15E8FDAB-906B-4268-927B-8823C57AB7FD}.Debug|Any CPU.ActiveCfg = Debug|Any CPU
		{15E8FDAB-906B-4268-927B-8823C57AB7FD}.Debug|Any CPU.Build.0 = Debug|Any CPU
		{15E8FDAB-906B-4268-927B-8823C57AB7FD}.Debug|x64.ActiveCfg = Debug|Any CPU
		{15E8FDAB-906B-4268-927B-8823C57AB7FD}.Debug|x64.Build.0 = Debug|Any CPU
		{15E8FDAB-906B-4268-927B-8823C57AB7FD}.Debug|x86.ActiveCfg = Debug|Any CPU
		{15E8FDAB-906B-4268-927B-8823C57AB7FD}.Debug|x86.Build.0 = Debug|Any CPU
		{15E8FDAB-906B-4268-927B-8823C57AB7FD}.Release|Any CPU.ActiveCfg = Release|Any CPU
		{15E8FDAB-906B-4268-927B-8823C57AB7FD}.Release|Any CPU.Build.0 = Release|Any CPU
		{15E8FDAB-906B-4268-927B-8823C57AB7FD}.Release|x64.ActiveCfg = Release|Any CPU
		{15E8FDAB-906B-4268-927B-8823C57AB7FD}.Release|x64.Build.0 = Release|Any CPU
		{15E8FDAB-906B-4268-927B-8823C57AB7FD}.Release|x86.ActiveCfg = Release|Any CPU
		{15E8FDAB-906B-4268-927B-8823C57AB7FD}.Release|x86.Build.0 = Release|Any CPU
		{906CEC6D-B0C4-4D0A-9DCA-06E2B3C61623}.Debug|Any CPU.ActiveCfg = Debug|Any CPU
		{906CEC6D-B0C4-4D0A-9DCA-06E2B3C61623}.Debug|Any CPU.Build.0 = Debug|Any CPU
		{906CEC6D-B0C4-4D0A-9DCA-06E2B3C61623}.Debug|x64.ActiveCfg = Debug|Any CPU
		{906CEC6D-B0C4-4D0A-9DCA-06E2B3C61623}.Debug|x64.Build.0 = Debug|Any CPU
		{906CEC6D-B0C4-4D0A-9DCA-06E2B3C61623}.Debug|x86.ActiveCfg = Debug|Any CPU
		{906CEC6D-B0C4-4D0A-9DCA-06E2B3C61623}.Debug|x86.Build.0 = Debug|Any CPU
		{906CEC6D-B0C4-4D0A-9DCA-06E2B3C61623}.Release|Any CPU.ActiveCfg = Release|Any CPU
		{906CEC6D-B0C4-4D0A-9DCA-06E2B3C61623}.Release|Any CPU.Build.0 = Release|Any CPU
		{906CEC6D-B0C4-4D0A-9DCA-06E2B3C61623}.Release|x64.ActiveCfg = Release|Any CPU
		{906CEC6D-B0C4-4D0A-9DCA-06E2B3C61623}.Release|x64.Build.0 = Release|Any CPU
		{906CEC6D-B0C4-4D0A-9DCA-06E2B3C61623}.Release|x86.ActiveCfg = Release|Any CPU
		{906CEC6D-B0C4-4D0A-9DCA-06E2B3C61623}.Release|x86.Build.0 = Release|Any CPU
		{1EEE2BD4-7903-48E2-A189-605A2B08955C}.Debug|Any CPU.ActiveCfg = Debug|Any CPU
		{1EEE2BD4-7903-48E2-A189-605A2B08955C}.Debug|Any CPU.Build.0 = Debug|Any CPU
		{1EEE2BD4-7903-48E2-A189-605A2B08955C}.Debug|x64.ActiveCfg = Debug|Any CPU
		{1EEE2BD4-7903-48E2-A189-605A2B08955C}.Debug|x64.Build.0 = Debug|Any CPU
		{1EEE2BD4-7903-48E2-A189-605A2B08955C}.Debug|x86.ActiveCfg = Debug|Any CPU
		{1EEE2BD4-7903-48E2-A189-605A2B08955C}.Debug|x86.Build.0 = Debug|Any CPU
		{1EEE2BD4-7903-48E2-A189-605A2B08955C}.Release|Any CPU.ActiveCfg = Release|Any CPU
		{1EEE2BD4-7903-48E2-A189-605A2B08955C}.Release|Any CPU.Build.0 = Release|Any CPU
		{1EEE2BD4-7903-48E2-A189-605A2B08955C}.Release|x64.ActiveCfg = Release|Any CPU
		{1EEE2BD4-7903-48E2-A189-605A2B08955C}.Release|x64.Build.0 = Release|Any CPU
		{1EEE2BD4-7903-48E2-A189-605A2B08955C}.Release|x86.ActiveCfg = Release|Any CPU
		{1EEE2BD4-7903-48E2-A189-605A2B08955C}.Release|x86.Build.0 = Release|Any CPU
		{6FC88020-70E1-46B8-9BCD-980F7841E41E}.Debug|Any CPU.ActiveCfg = Debug|Any CPU
		{6FC88020-70E1-46B8-9BCD-980F7841E41E}.Debug|Any CPU.Build.0 = Debug|Any CPU
		{6FC88020-70E1-46B8-9BCD-980F7841E41E}.Debug|x64.ActiveCfg = Debug|Any CPU
		{6FC88020-70E1-46B8-9BCD-980F7841E41E}.Debug|x64.Build.0 = Debug|Any CPU
		{6FC88020-70E1-46B8-9BCD-980F7841E41E}.Debug|x86.ActiveCfg = Debug|Any CPU
		{6FC88020-70E1-46B8-9BCD-980F7841E41E}.Debug|x86.Build.0 = Debug|Any CPU
		{6FC88020-70E1-46B8-9BCD-980F7841E41E}.Release|Any CPU.ActiveCfg = Release|Any CPU
		{6FC88020-70E1-46B8-9BCD-980F7841E41E}.Release|Any CPU.Build.0 = Release|Any CPU
		{6FC88020-70E1-46B8-9BCD-980F7841E41E}.Release|x64.ActiveCfg = Release|Any CPU
		{6FC88020-70E1-46B8-9BCD-980F7841E41E}.Release|x64.Build.0 = Release|Any CPU
		{6FC88020-70E1-46B8-9BCD-980F7841E41E}.Release|x86.ActiveCfg = Release|Any CPU
		{6FC88020-70E1-46B8-9BCD-980F7841E41E}.Release|x86.Build.0 = Release|Any CPU
		{0D5948B5-E327-494E-A381-B51191D70FCB}.Debug|Any CPU.ActiveCfg = Debug|Any CPU
		{0D5948B5-E327-494E-A381-B51191D70FCB}.Debug|Any CPU.Build.0 = Debug|Any CPU
		{0D5948B5-E327-494E-A381-B51191D70FCB}.Debug|x64.ActiveCfg = Debug|Any CPU
		{0D5948B5-E327-494E-A381-B51191D70FCB}.Debug|x64.Build.0 = Debug|Any CPU
		{0D5948B5-E327-494E-A381-B51191D70FCB}.Debug|x86.ActiveCfg = Debug|Any CPU
		{0D5948B5-E327-494E-A381-B51191D70FCB}.Debug|x86.Build.0 = Debug|Any CPU
		{0D5948B5-E327-494E-A381-B51191D70FCB}.Release|Any CPU.ActiveCfg = Release|Any CPU
		{0D5948B5-E327-494E-A381-B51191D70FCB}.Release|Any CPU.Build.0 = Release|Any CPU
		{0D5948B5-E327-494E-A381-B51191D70FCB}.Release|x64.ActiveCfg = Release|Any CPU
		{0D5948B5-E327-494E-A381-B51191D70FCB}.Release|x64.Build.0 = Release|Any CPU
		{0D5948B5-E327-494E-A381-B51191D70FCB}.Release|x86.ActiveCfg = Release|Any CPU
		{0D5948B5-E327-494E-A381-B51191D70FCB}.Release|x86.Build.0 = Release|Any CPU
		{DF6E2B11-510E-4A48-9C0E-5EDA972AA3AF}.Debug|Any CPU.ActiveCfg = Debug|Any CPU
		{DF6E2B11-510E-4A48-9C0E-5EDA972AA3AF}.Debug|Any CPU.Build.0 = Debug|Any CPU
		{DF6E2B11-510E-4A48-9C0E-5EDA972AA3AF}.Debug|x64.ActiveCfg = Debug|Any CPU
		{DF6E2B11-510E-4A48-9C0E-5EDA972AA3AF}.Debug|x64.Build.0 = Debug|Any CPU
		{DF6E2B11-510E-4A48-9C0E-5EDA972AA3AF}.Debug|x86.ActiveCfg = Debug|Any CPU
		{DF6E2B11-510E-4A48-9C0E-5EDA972AA3AF}.Debug|x86.Build.0 = Debug|Any CPU
		{DF6E2B11-510E-4A48-9C0E-5EDA972AA3AF}.Release|Any CPU.ActiveCfg = Release|Any CPU
		{DF6E2B11-510E-4A48-9C0E-5EDA972AA3AF}.Release|Any CPU.Build.0 = Release|Any CPU
		{DF6E2B11-510E-4A48-9C0E-5EDA972AA3AF}.Release|x64.ActiveCfg = Release|Any CPU
		{DF6E2B11-510E-4A48-9C0E-5EDA972AA3AF}.Release|x64.Build.0 = Release|Any CPU
		{DF6E2B11-510E-4A48-9C0E-5EDA972AA3AF}.Release|x86.ActiveCfg = Release|Any CPU
		{DF6E2B11-510E-4A48-9C0E-5EDA972AA3AF}.Release|x86.Build.0 = Release|Any CPU
		{B0C26994-67BA-40E4-947E-BF7BDCAF306D}.Debug|Any CPU.ActiveCfg = Debug|Any CPU
		{B0C26994-67BA-40E4-947E-BF7BDCAF306D}.Debug|Any CPU.Build.0 = Debug|Any CPU
		{B0C26994-67BA-40E4-947E-BF7BDCAF306D}.Debug|x64.ActiveCfg = Debug|Any CPU
		{B0C26994-67BA-40E4-947E-BF7BDCAF306D}.Debug|x64.Build.0 = Debug|Any CPU
		{B0C26994-67BA-40E4-947E-BF7BDCAF306D}.Debug|x86.ActiveCfg = Debug|Any CPU
		{B0C26994-67BA-40E4-947E-BF7BDCAF306D}.Debug|x86.Build.0 = Debug|Any CPU
		{B0C26994-67BA-40E4-947E-BF7BDCAF306D}.Release|Any CPU.ActiveCfg = Release|Any CPU
		{B0C26994-67BA-40E4-947E-BF7BDCAF306D}.Release|Any CPU.Build.0 = Release|Any CPU
		{B0C26994-67BA-40E4-947E-BF7BDCAF306D}.Release|x64.ActiveCfg = Release|Any CPU
		{B0C26994-67BA-40E4-947E-BF7BDCAF306D}.Release|x64.Build.0 = Release|Any CPU
		{B0C26994-67BA-40E4-947E-BF7BDCAF306D}.Release|x86.ActiveCfg = Release|Any CPU
		{B0C26994-67BA-40E4-947E-BF7BDCAF306D}.Release|x86.Build.0 = Release|Any CPU
	EndGlobalSection
	GlobalSection(SolutionProperties) = preSolution
		HideSolutionNode = FALSE
	EndGlobalSection
	GlobalSection(NestedProjects) = preSolution
		{15E8FDAB-906B-4268-927B-8823C57AB7FD} = {11BD1C76-BEC5-C046-558A-4962946BFB3F}
		{906CEC6D-B0C4-4D0A-9DCA-06E2B3C61623} = {11BD1C76-BEC5-C046-558A-4962946BFB3F}
		{1EEE2BD4-7903-48E2-A189-605A2B08955C} = {11BD1C76-BEC5-C046-558A-4962946BFB3F}
		{6FC88020-70E1-46B8-9BCD-980F7841E41E} = {11BD1C76-BEC5-C046-558A-4962946BFB3F}
		{0D5948B5-E327-494E-A381-B51191D70FCB} = {11BD1C76-BEC5-C046-558A-4962946BFB3F}
		{DF6E2B11-510E-4A48-9C0E-5EDA972AA3AF} = {11BD1C76-BEC5-C046-558A-4962946BFB3F}
		{B0C26994-67BA-40E4-947E-BF7BDCAF306D} = {11BD1C76-BEC5-C046-558A-4962946BFB3F}
	EndGlobalSection
	GlobalSection(ExtensibilityGlobals) = postSolution
		SolutionGuid = {C00172AA-7D4E-491E-9BB4-1F665D450955}
	EndGlobalSection
EndGlobal
